// !$*UTF8*$!
{
	archiveVersion = 1;
	classes = {
	};
	objectVersion = 50;
	objects = {

/* Begin PBXBuildFile section */
		5379438F4B5709D317234AC9 /* Pods_GiphyViewer.framework in Frameworks */ = {isa = PBXBuildFile; fileRef = 582136C38B50F34B172436D2 /* Pods_GiphyViewer.framework */; };
		E5373294220815250012079D /* AppDelegate.swift in Sources */ = {isa = PBXBuildFile; fileRef = E5373293220815250012079D /* AppDelegate.swift */; };
		E5373296220815250012079D /* GIFViewerVC.swift in Sources */ = {isa = PBXBuildFile; fileRef = E5373295220815250012079D /* GIFViewerVC.swift */; };
		E5373299220815250012079D /* Main.storyboard in Resources */ = {isa = PBXBuildFile; fileRef = E5373297220815250012079D /* Main.storyboard */; };
		E537329B2208152E0012079D /* Assets.xcassets in Resources */ = {isa = PBXBuildFile; fileRef = E537329A2208152E0012079D /* Assets.xcassets */; };
		E537329E2208152E0012079D /* LaunchScreen.storyboard in Resources */ = {isa = PBXBuildFile; fileRef = E537329C2208152E0012079D /* LaunchScreen.storyboard */; };
		E53732A6220817FA0012079D /* GifViwerCell.swift in Sources */ = {isa = PBXBuildFile; fileRef = E53732A5220817FA0012079D /* GifViwerCell.swift */; };
		E53732AB22081B110012079D /* GIFViewerVC_CollectionView_delegates.swift in Sources */ = {isa = PBXBuildFile; fileRef = E53732AA22081B110012079D /* GIFViewerVC_CollectionView_delegates.swift */; };
		E53732AE22081D490012079D /* APIConstants.swift in Sources */ = {isa = PBXBuildFile; fileRef = E53732AD22081D490012079D /* APIConstants.swift */; };
/* End PBXBuildFile section */

/* Begin PBXFileReference section */
		582136C38B50F34B172436D2 /* Pods_GiphyViewer.framework */ = {isa = PBXFileReference; explicitFileType = wrapper.framework; includeInIndex = 0; path = Pods_GiphyViewer.framework; sourceTree = BUILT_PRODUCTS_DIR; };
		C8C8CB9ED28C9A7AE1179881 /* Pods-GiphyViewer.debug.xcconfig */ = {isa = PBXFileReference; includeInIndex = 1; lastKnownFileType = text.xcconfig; name = "Pods-GiphyViewer.debug.xcconfig"; path = "Pods/Target Support Files/Pods-GiphyViewer/Pods-GiphyViewer.debug.xcconfig"; sourceTree = "<group>"; };
		D6B1929197BFCDCB617B16CF /* Pods-GiphyViewer.release.xcconfig */ = {isa = PBXFileReference; includeInIndex = 1; lastKnownFileType = text.xcconfig; name = "Pods-GiphyViewer.release.xcconfig"; path = "Pods/Target Support Files/Pods-GiphyViewer/Pods-GiphyViewer.release.xcconfig"; sourceTree = "<group>"; };
		E5373290220815250012079D /* GiphyViewer.app */ = {isa = PBXFileReference; explicitFileType = wrapper.application; includeInIndex = 0; path = GiphyViewer.app; sourceTree = BUILT_PRODUCTS_DIR; };
		E5373293220815250012079D /* AppDelegate.swift */ = {isa = PBXFileReference; lastKnownFileType = sourcecode.swift; path = AppDelegate.swift; sourceTree = "<group>"; };
		E5373295220815250012079D /* GIFViewerVC.swift */ = {isa = PBXFileReference; lastKnownFileType = sourcecode.swift; path = GIFViewerVC.swift; sourceTree = "<group>"; };
		E5373298220815250012079D /* Base */ = {isa = PBXFileReference; lastKnownFileType = file.storyboard; name = Base; path = Base.lproj/Main.storyboard; sourceTree = "<group>"; };
		E537329A2208152E0012079D /* Assets.xcassets */ = {isa = PBXFileReference; lastKnownFileType = folder.assetcatalog; path = Assets.xcassets; sourceTree = "<group>"; };
		E537329D2208152E0012079D /* Base */ = {isa = PBXFileReference; lastKnownFileType = file.storyboard; name = Base; path = Base.lproj/LaunchScreen.storyboard; sourceTree = "<group>"; };
		E537329F2208152E0012079D /* Info.plist */ = {isa = PBXFileReference; lastKnownFileType = text.plist.xml; path = Info.plist; sourceTree = "<group>"; };
		E53732A5220817FA0012079D /* GifViwerCell.swift */ = {isa = PBXFileReference; lastKnownFileType = sourcecode.swift; path = GifViwerCell.swift; sourceTree = "<group>"; };
		E53732AA22081B110012079D /* GIFViewerVC_CollectionView_delegates.swift */ = {isa = PBXFileReference; lastKnownFileType = sourcecode.swift; path = GIFViewerVC_CollectionView_delegates.swift; sourceTree = "<group>"; };
		E53732AD22081D490012079D /* APIConstants.swift */ = {isa = PBXFileReference; lastKnownFileType = sourcecode.swift; path = APIConstants.swift; sourceTree = "<group>"; };
/* End PBXFileReference section */

/* Begin PBXFrameworksBuildPhase section */
		E537328D220815250012079D /* Frameworks */ = {
			isa = PBXFrameworksBuildPhase;
			buildActionMask = 2147483647;
			files = (
				5379438F4B5709D317234AC9 /* Pods_GiphyViewer.framework in Frameworks */,
			);
			runOnlyForDeploymentPostprocessing = 0;
		};
/* End PBXFrameworksBuildPhase section */

/* Begin PBXGroup section */
		6CDA0F31DAF8CB1B9B7705E3 /* Pods */ = {
			isa = PBXGroup;
			children = (
				C8C8CB9ED28C9A7AE1179881 /* Pods-GiphyViewer.debug.xcconfig */,
				D6B1929197BFCDCB617B16CF /* Pods-GiphyViewer.release.xcconfig */,
			);
			name = Pods;
			sourceTree = "<group>";
		};
		B02229CCBD81F285E3D5F227 /* Frameworks */ = {
			isa = PBXGroup;
			children = (
				582136C38B50F34B172436D2 /* Pods_GiphyViewer.framework */,
			);
			name = Frameworks;
			sourceTree = "<group>";
		};
		E5373287220815250012079D = {
			isa = PBXGroup;
			children = (
				E5373292220815250012079D /* GiphyViewer */,
				E5373291220815250012079D /* Products */,
				6CDA0F31DAF8CB1B9B7705E3 /* Pods */,
				B02229CCBD81F285E3D5F227 /* Frameworks */,
			);
			sourceTree = "<group>";
		};
		E5373291220815250012079D /* Products */ = {
			isa = PBXGroup;
			children = (
				E5373290220815250012079D /* GiphyViewer.app */,
			);
			name = Products;
			sourceTree = "<group>";
		};
		E5373292220815250012079D /* GiphyViewer */ = {
			isa = PBXGroup;
			children = (
				E53732AC22081D1E0012079D /* API Client */,
				E53732A822081ACA0012079D /* ViewControllers */,
				E5373293220815250012079D /* AppDelegate.swift */,
				E5373297220815250012079D /* Main.storyboard */,
				E537329A2208152E0012079D /* Assets.xcassets */,
				E537329C2208152E0012079D /* LaunchScreen.storyboard */,
				E537329F2208152E0012079D /* Info.plist */,
			);
			path = GiphyViewer;
			sourceTree = "<group>";
		};
		E53732A7220818030012079D /* Views */ = {
			isa = PBXGroup;
			children = (
				E53732A5220817FA0012079D /* GifViwerCell.swift */,
			);
			path = Views;
			sourceTree = "<group>";
		};
		E53732A822081ACA0012079D /* ViewControllers */ = {
			isa = PBXGroup;
			children = (
				E53732A922081AE20012079D /* GIFViewerVC */,
			);
			path = ViewControllers;
			sourceTree = "<group>";
		};
		E53732A922081AE20012079D /* GIFViewerVC */ = {
			isa = PBXGroup;
			children = (
				E5373295220815250012079D /* GIFViewerVC.swift */,
				E53732AA22081B110012079D /* GIFViewerVC_CollectionView_delegates.swift */,
				E53732A7220818030012079D /* Views */,
			);
			path = GIFViewerVC;
			sourceTree = "<group>";
		};
		E53732AC22081D1E0012079D /* API Client */ = {
			isa = PBXGroup;
			children = (
				E53732AD22081D490012079D /* APIConstants.swift */,
			);
			path = "API Client";
			sourceTree = "<group>";
		};
/* End PBXGroup section */

/* Begin PBXNativeTarget section */
		E537328F220815250012079D /* GiphyViewer */ = {
			isa = PBXNativeTarget;
			buildConfigurationList = E53732A22208152F0012079D /* Build configuration list for PBXNativeTarget "GiphyViewer" */;
			buildPhases = (
				F844246427DBE870D2D65E04 /* [CP] Check Pods Manifest.lock */,
				E537328C220815250012079D /* Sources */,
				E537328D220815250012079D /* Frameworks */,
				E537328E220815250012079D /* Resources */,
				CE62A851D1F6F817B6259587 /* [CP] Embed Pods Frameworks */,
			);
			buildRules = (
			);
			dependencies = (
			);
			name = GiphyViewer;
			productName = GiphyViewer;
			productReference = E5373290220815250012079D /* GiphyViewer.app */;
			productType = "com.apple.product-type.application";
		};
/* End PBXNativeTarget section */

/* Begin PBXProject section */
		E5373288220815250012079D /* Project object */ = {
			isa = PBXProject;
			attributes = {
				LastSwiftUpdateCheck = 1010;
				LastUpgradeCheck = 1010;
				ORGANIZATIONNAME = "Imrul Kayes";
				TargetAttributes = {
					E537328F220815250012079D = {
						CreatedOnToolsVersion = 10.1;
					};
				};
			};
			buildConfigurationList = E537328B220815250012079D /* Build configuration list for PBXProject "GiphyViewer" */;
			compatibilityVersion = "Xcode 9.3";
			developmentRegion = en;
			hasScannedForEncodings = 0;
			knownRegions = (
				en,
				Base,
			);
			mainGroup = E5373287220815250012079D;
			productRefGroup = E5373291220815250012079D /* Products */;
			projectDirPath = "";
			projectRoot = "";
			targets = (
				E537328F220815250012079D /* GiphyViewer */,
			);
		};
/* End PBXProject section */

/* Begin PBXResourcesBuildPhase section */
		E537328E220815250012079D /* Resources */ = {
			isa = PBXResourcesBuildPhase;
			buildActionMask = 2147483647;
			files = (
				E537329E2208152E0012079D /* LaunchScreen.storyboard in Resources */,
				E537329B2208152E0012079D /* Assets.xcassets in Resources */,
				E5373299220815250012079D /* Main.storyboard in Resources */,
			);
			runOnlyForDeploymentPostprocessing = 0;
		};
/* End PBXResourcesBuildPhase section */

/* Begin PBXShellScriptBuildPhase section */
		CE62A851D1F6F817B6259587 /* [CP] Embed Pods Frameworks */ = {
			isa = PBXShellScriptBuildPhase;
			buildActionMask = 2147483647;
			files = (
			);
			inputFileListPaths = (
			);
			inputPaths = (
				"${SRCROOT}/Pods/Target Support Files/Pods-GiphyViewer/Pods-GiphyViewer-frameworks.sh",
				"${BUILT_PRODUCTS_DIR}/Alamofire/Alamofire.framework",
			);
			name = "[CP] Embed Pods Frameworks";
			outputFileListPaths = (
			);
			outputPaths = (
				"${TARGET_BUILD_DIR}/${FRAMEWORKS_FOLDER_PATH}/Alamofire.framework",
			);
			runOnlyForDeploymentPostprocessing = 0;
			shellPath = /bin/sh;
			shellScript = "\"${SRCROOT}/Pods/Target Support Files/Pods-GiphyViewer/Pods-GiphyViewer-frameworks.sh\"\n";
			showEnvVarsInLog = 0;
		};
		F844246427DBE870D2D65E04 /* [CP] Check Pods Manifest.lock */ = {
			isa = PBXShellScriptBuildPhase;
			buildActionMask = 2147483647;
			files = (
			);
			inputFileListPaths = (
			);
			inputPaths = (
				"${PODS_PODFILE_DIR_PATH}/Podfile.lock",
				"${PODS_ROOT}/Manifest.lock",
			);
			name = "[CP] Check Pods Manifest.lock";
			outputFileListPaths = (
			);
			outputPaths = (
				"$(DERIVED_FILE_DIR)/Pods-GiphyViewer-checkManifestLockResult.txt",
			);
			runOnlyForDeploymentPostprocessing = 0;
			shellPath = /bin/sh;
			shellScript = "diff \"${PODS_PODFILE_DIR_PATH}/Podfile.lock\" \"${PODS_ROOT}/Manifest.lock\" > /dev/null\nif [ $? != 0 ] ; then\n    # print error to STDERR\n    echo \"error: The sandbox is not in sync with the Podfile.lock. Run 'pod install' or update your CocoaPods installation.\" >&2\n    exit 1\nfi\n# This output is used by Xcode 'outputs' to avoid re-running this script phase.\necho \"SUCCESS\" > \"${SCRIPT_OUTPUT_FILE_0}\"\n";
			showEnvVarsInLog = 0;
		};
/* End PBXShellScriptBuildPhase section */

/* Begin PBXSourcesBuildPhase section */
		E537328C220815250012079D /* Sources */ = {
			isa = PBXSourcesBuildPhase;
			buildActionMask = 2147483647;
			files = (
				E53732A6220817FA0012079D /* GifViwerCell.swift in Sources */,
				E53732AE22081D490012079D /* APIConstants.swift in Sources */,
				E53732AB22081B110012079D /* GIFViewerVC_CollectionView_delegates.swift in Sources */,
				E5373296220815250012079D /* GIFViewerVC.swift in Sources */,
				E5373294220815250012079D /* AppDelegate.swift in Sources */,
			);
			runOnlyForDeploymentPostprocessing = 0;
		};
/* End PBXSourcesBuildPhase section */

/* Begin PBXVariantGroup section */
		E5373297220815250012079D /* Main.storyboard */ = {
			isa = PBXVariantGroup;
			children = (
				E5373298220815250012079D /* Base */,
			);
			name = Main.storyboard;
			sourceTree = "<group>";
		};
		E537329C2208152E0012079D /* LaunchScreen.storyboard */ = {
			isa = PBXVariantGroup;
			children = (
				E537329D2208152E0012079D /* Base */,
			);
			name = LaunchScreen.storyboard;
			sourceTree = "<group>";
		};
/* End PBXVariantGroup section */

/* Begin XCBuildConfiguration section */
		E53732A02208152E0012079D /* Debug */ = {
			isa = XCBuildConfiguration;
			buildSettings = {
				ALWAYS_SEARCH_USER_PATHS = NO;
				CLANG_ANALYZER_NONNULL = YES;
				CLANG_ANALYZER_NUMBER_OBJECT_CONVERSION = YES_AGGRESSIVE;
				CLANG_CXX_LANGUAGE_STANDARD = "gnu++14";
				CLANG_CXX_LIBRARY = "libc++";
				CLANG_ENABLE_MODULES = YES;
				CLANG_ENABLE_OBJC_ARC = YES;
				CLANG_ENABLE_OBJC_WEAK = YES;
				CLANG_WARN_BLOCK_CAPTURE_AUTORELEASING = YES;
				CLANG_WARN_BOOL_CONVERSION = YES;
				CLANG_WARN_COMMA = YES;
				CLANG_WARN_CONSTANT_CONVERSION = YES;
				CLANG_WARN_DEPRECATED_OBJC_IMPLEMENTATIONS = YES;
				CLANG_WARN_DIRECT_OBJC_ISA_USAGE = YES_ERROR;
				CLANG_WARN_DOCUMENTATION_COMMENTS = YES;
				CLANG_WARN_EMPTY_BODY = YES;
				CLANG_WARN_ENUM_CONVERSION = YES;
				CLANG_WARN_INFINITE_RECURSION = YES;
				CLANG_WARN_INT_CONVERSION = YES;
				CLANG_WARN_NON_LITERAL_NULL_CONVERSION = YES;
				CLANG_WARN_OBJC_IMPLICIT_RETAIN_SELF = YES;
				CLANG_WARN_OBJC_LITERAL_CONVERSION = YES;
				CLANG_WARN_OBJC_ROOT_CLASS = YES_ERROR;
				CLANG_WARN_RANGE_LOOP_ANALYSIS = YES;
				CLANG_WARN_STRICT_PROTOTYPES = YES;
				CLANG_WARN_SUSPICIOUS_MOVE = YES;
				CLANG_WARN_UNGUARDED_AVAILABILITY = YES_AGGRESSIVE;
				CLANG_WARN_UNREACHABLE_CODE = YES;
				CLANG_WARN__DUPLICATE_METHOD_MATCH = YES;
				CODE_SIGN_IDENTITY = "iPhone Developer";
				COPY_PHASE_STRIP = NO;
				DEBUG_INFORMATION_FORMAT = dwarf;
				ENABLE_STRICT_OBJC_MSGSEND = YES;
				ENABLE_TESTABILITY = YES;
				GCC_C_LANGUAGE_STANDARD = gnu11;
				GCC_DYNAMIC_NO_PIC = NO;
				GCC_NO_COMMON_BLOCKS = YES;
				GCC_OPTIMIZATION_LEVEL = 0;
				GCC_PREPROCESSOR_DEFINITIONS = (
					"DEBUG=1",
					"$(inherited)",
				);
				GCC_WARN_64_TO_32_BIT_CONVERSION = YES;
				GCC_WARN_ABOUT_RETURN_TYPE = YES_ERROR;
				GCC_WARN_UNDECLARED_SELECTOR = YES;
				GCC_WARN_UNINITIALIZED_AUTOS = YES_AGGRESSIVE;
				GCC_WARN_UNUSED_FUNCTION = YES;
				GCC_WARN_UNUSED_VARIABLE = YES;
				IPHONEOS_DEPLOYMENT_TARGET = 12.1;
				MTL_ENABLE_DEBUG_INFO = INCLUDE_SOURCE;
				MTL_FAST_MATH = YES;
				ONLY_ACTIVE_ARCH = YES;
				SDKROOT = iphoneos;
				SWIFT_ACTIVE_COMPILATION_CONDITIONS = DEBUG;
				SWIFT_OPTIMIZATION_LEVEL = "-Onone";
			};
			name = Debug;
		};
		E53732A12208152E0012079D /* Release */ = {
			isa = XCBuildConfiguration;
			buildSettings = {
				ALWAYS_SEARCH_USER_PATHS = NO;
				CLANG_ANALYZER_NONNULL = YES;
				CLANG_ANALYZER_NUMBER_OBJECT_CONVERSION = YES_AGGRESSIVE;
				CLANG_CXX_LANGUAGE_STANDARD = "gnu++14";
				CLANG_CXX_LIBRARY = "libc++";
				CLANG_ENABLE_MODULES = YES;
				CLANG_ENABLE_OBJC_ARC = YES;
				CLANG_ENABLE_OBJC_WEAK = YES;
				CLANG_WARN_BLOCK_CAPTURE_AUTORELEASING = YES;
				CLANG_WARN_BOOL_CONVERSION = YES;
				CLANG_WARN_COMMA = YES;
				CLANG_WARN_CONSTANT_CONVERSION = YES;
				CLANG_WARN_DEPRECATED_OBJC_IMPLEMENTATIONS = YES;
				CLANG_WARN_DIRECT_OBJC_ISA_USAGE = YES_ERROR;
				CLANG_WARN_DOCUMENTATION_COMMENTS = YES;
				CLANG_WARN_EMPTY_BODY = YES;
				CLANG_WARN_ENUM_CONVERSION = YES;
				CLANG_WARN_INFINITE_RECURSION = YES;
				CLANG_WARN_INT_CONVERSION = YES;
				CLANG_WARN_NON_LITERAL_NULL_CONVERSION = YES;
				CLANG_WARN_OBJC_IMPLICIT_RETAIN_SELF = YES;
				CLANG_WARN_OBJC_LITERAL_CONVERSION = YES;
				CLANG_WARN_OBJC_ROOT_CLASS = YES_ERROR;
				CLANG_WARN_RANGE_LOOP_ANALYSIS = YES;
				CLANG_WARN_STRICT_PROTOTYPES = YES;
				CLANG_WARN_SUSPICIOUS_MOVE = YES;
				CLANG_WARN_UNGUARDED_AVAILABILITY = YES_AGGRESSIVE;
				CLANG_WARN_UNREACHABLE_CODE = YES;
				CLANG_WARN__DUPLICATE_METHOD_MATCH = YES;
				CODE_SIGN_IDENTITY = "iPhone Developer";
				COPY_PHASE_STRIP = NO;
				DEBUG_INFORMATION_FORMAT = "dwarf-with-dsym";
				ENABLE_NS_ASSERTIONS = NO;
				ENABLE_STRICT_OBJC_MSGSEND = YES;
				GCC_C_LANGUAGE_STANDARD = gnu11;
				GCC_NO_COMMON_BLOCKS = YES;
				GCC_WARN_64_TO_32_BIT_CONVERSION = YES;
				GCC_WARN_ABOUT_RETURN_TYPE = YES_ERROR;
				GCC_WARN_UNDECLARED_SELECTOR = YES;
				GCC_WARN_UNINITIALIZED_AUTOS = YES_AGGRESSIVE;
				GCC_WARN_UNUSED_FUNCTION = YES;
				GCC_WARN_UNUSED_VARIABLE = YES;
				IPHONEOS_DEPLOYMENT_TARGET = 12.1;
				MTL_ENABLE_DEBUG_INFO = NO;
				MTL_FAST_MATH = YES;
				SDKROOT = iphoneos;
				SWIFT_COMPILATION_MODE = wholemodule;
				SWIFT_OPTIMIZATION_LEVEL = "-O";
				VALIDATE_PRODUCT = YES;
			};
			name = Release;
		};
		E53732A32208152F0012079D /* Debug */ = {
			isa = XCBuildConfiguration;
			baseConfigurationReference = C8C8CB9ED28C9A7AE1179881 /* Pods-GiphyViewer.debug.xcconfig */;
			buildSettings = {
				ASSETCATALOG_COMPILER_APPICON_NAME = AppIcon;
				CODE_SIGN_STYLE = Automatic;
				DEVELOPMENT_TEAM = N29E7P5W3H;
				INFOPLIST_FILE = GiphyViewer/Info.plist;
				LD_RUNPATH_SEARCH_PATHS = (
					"$(inherited)",
					"@executable_path/Frameworks",
				);
				PRODUCT_BUNDLE_IDENTIFIER = com.binary5.GiphyViewer;
				PRODUCT_NAME = "$(TARGET_NAME)";
				SWIFT_VERSION = 4.2;
				TARGETED_DEVICE_FAMILY = "1,2";
			};
			name = Debug;
		};
		E53732A42208152F0012079D /* Release */ = {
			isa = XCBuildConfiguration;
			baseConfigurationReference = D6B1929197BFCDCB617B16CF /* Pods-GiphyViewer.release.xcconfig */;
			buildSettings = {
				ASSETCATALOG_COMPILER_APPICON_NAME = AppIcon;
				CODE_SIGN_STYLE = Automatic;
				DEVELOPMENT_TEAM = N29E7P5W3H;
				INFOPLIST_FILE = GiphyViewer/Info.plist;
				LD_RUNPATH_SEARCH_PATHS = (
					"$(inherited)",
					"@executable_path/Frameworks",
				);
				PRODUCT_BUNDLE_IDENTIFIER = com.binary5.GiphyViewer;
				PRODUCT_NAME = "$(TARGET_NAME)";
				SWIFT_VERSION = 4.2;
				TARGETED_DEVICE_FAMILY = "1,2";
			};
			name = Release;
		};
/* End XCBuildConfiguration section */

/* Begin XCConfigurationList section */
		E537328B220815250012079D /* Build configuration list for PBXProject "GiphyViewer" */ = {
			isa = XCConfigurationList;
			buildConfigurations = (
				E53732A02208152E0012079D /* Debug */,
				E53732A12208152E0012079D /* Release */,
			);
			defaultConfigurationIsVisible = 0;
			defaultConfigurationName = Release;
		};
		E53732A22208152F0012079D /* Build configuration list for PBXNativeTarget "GiphyViewer" */ = {
			isa = XCConfigurationList;
			buildConfigurations = (
				E53732A32208152F0012079D /* Debug */,
				E53732A42208152F0012079D /* Release */,
			);
			defaultConfigurationIsVisible = 0;
			defaultConfigurationName = Release;
		};
/* End XCConfigurationList section */
	};
	rootObject = E5373288220815250012079D /* Project object */;
}
